Microsoft Visual Studio Solution File, Format Version 12.00
# Visual Studio Version 17
VisualStudioVersion = 17.0.31903.59
MinimumVisualStudioVersion = 10.0.40219.1
Project("{FAE04EC0-301F-11D3-BF4B-00C04F79EFBC}") = "BuddyAI", "BuddyAI\BuddyAI.csproj", "{C1D7A49B-395C-4771-1301-1C6706C38292}"
EndProject
Global
	GlobalSection(SolutionConfigurationPlatforms) = preSolution
		Debug|Any CPU = Debug|Any CPU
		Release|Any CPU = Release|Any CPU
	EndGlobalSection
	GlobalSection(ProjectConfigurationPlatforms) = postSolution
		{C1D7A49B-395C-4771-1301-1C6706C38292}.Debug|Any CPU.ActiveCfg = Debug|Any CPU
		{C1D7A49B-395C-4771-1301-1C6706C38292}.Debug|Any CPU.Build.0 = Debug|Any CPU
		{C1D7A49B-395C-4771-1301-1C6706C38292}.Release|Any CPU.ActiveCfg = Release|Any CPU
		{C1D7A49B-395C-4771-1301-1C6706C38292}.Release|Any CPU.Build.0 = Release|Any CPU
	EndGlobalSection
	GlobalSection(SolutionProperties) = preSolution
		HideSolutionNode = FALSE
	EndGlobalSection
	GlobalSection(ExtensibilityGlobals) = postSolution
		SolutionGuid = {995857E0-BD98-4F86-BE9D-2E60C937E5A1}
	EndGlobalSection
EndGlobal
